{
  "requires": true,
  "lockfileVersion": 1,
  "dependencies": {
    "base32.js": {
      "version": "0.1.0",
      "resolved": "https://registry.npmjs.org/base32.js/-/base32.js-0.1.0.tgz",
      "integrity": "sha1-tYLexpPC8R6JPPBk7mrFthMaIgI="
    },
    "emailjs": {
      "version": "3.5.0",
      "resolved": "https://registry.npmjs.org/emailjs/-/emailjs-3.5.0.tgz",
      "integrity": "sha512-Ii5im1e9dOhMUKpK51aGKmRGPMUTfW/cffyEPwa0dYZpLoTOLrz4Vk1/1kLh64dZUrzRvxGYOOrCbcVKovWPDw==",
      "dev": true
    },
    "emailjs-com": {
      "version": "3.1.0",
      "resolved": "https://registry.npmjs.org/emailjs-com/-/emailjs-com-3.1.0.tgz",
      "integrity": "sha512-e6rs1F2wTl4vrsTXNNCUPK5cFfuPXYcKJlZgPtsThOidIp5dbgNS5SUrpnP3qxt9p5Om0lkFCVkmBi1a6hQFnw=="
    },
    "ipv6-normalize": {
      "version": "1.0.1",
      "resolved": "https://registry.npmjs.org/ipv6-normalize/-/ipv6-normalize-1.0.1.tgz",
      "integrity": "sha1-GzJYKQ02X6gyOeiZB93kWS52IKg="
    },
    "jquery": {
      "version": "3.6.0",
      "resolved": "https://registry.npmjs.org/jquery/-/jquery-3.6.0.tgz",
      "integrity": "sha512-JVzAR/AjBvVt2BmYhxRCSYysDsPcssdmTFnzyLEts9qNwmjmu4JTAMYubEfwVOSwpQ1I1sKKFcxhZCI2buerfw==",
      "dev": true
    },
    "node": {
      "version": "16.4.0",
      "resolved": "https://registry.npmjs.org/node/-/node-16.4.0.tgz",
      "integrity": "sha512-6HFwNVm88RTjuMJVkvTq0TozF0fZdvtq56K5LStRaVJ4x3xQsax+P5sLsp3OChTsRlqr80eqoQ+mLggYXJte/g==",
      "requires": {
        "node-bin-setup": "^1.0.0"
      }
    },
    "node-bin-setup": {
      "version": "1.0.6",
      "resolved": "https://registry.npmjs.org/node-bin-setup/-/node-bin-setup-1.0.6.tgz",
      "integrity": "sha512-uPIxXNis1CRbv1DwqAxkgBk5NFV3s7cMN/Gf556jSw6jBvV7ca4F9lRL/8cALcZecRibeqU+5dFYqFFmzv5a0Q=="
    },
    "node.js": {
      "version": "0.0.1-security",
      "resolved": "https://registry.npmjs.org/node.js/-/node.js-0.0.1-security.tgz",
      "integrity": "sha512-8tWQiyg/3ggdLTrtfgj/NxmZpC20eB1U5VNkqt2dbelpcr3NrfjpEE3DgifpBOCJ4Xu9Obvu8iju63ViQW3Hvg=="
    },
    "nodemailer": {
      "version": "6.6.2",
      "resolved": "https://registry.npmjs.org/nodemailer/-/nodemailer-6.6.2.tgz",
      "integrity": "sha512-YSzu7TLbI+bsjCis/TZlAXBoM4y93HhlIgo0P5oiA2ua9Z4k+E2Fod//ybIzdJxOlXGRcHIh/WaeCBehvxZb/Q=="
    },
    "smtp-server": {
      "version": "3.9.0",
      "resolved": "https://registry.npmjs.org/smtp-server/-/smtp-server-3.9.0.tgz",
      "integrity": "sha512-CHws5GkHjfIikue6vSdp3uRnmW85l0JJQibVwDs7S5aIUppXJA9Y60XcdxcaCLXmAnd8V8wbtav5KY92nCZeag==",
      "requires": {
        "base32.js": "0.1.0",
        "ipv6-normalize": "1.0.1",
        "nodemailer": "6.6.1"
      },
      "dependencies": {
        "nodemailer": {
          "version": "6.6.1",
          "resolved": "https://registry.npmjs.org/nodemailer/-/nodemailer-6.6.1.tgz",
          "integrity": "sha512-1xzFN3gqv+/qJ6YRyxBxfTYstLNt0FCtZaFRvf4Sg9wxNGWbwFmGXVpfSi6ThGK6aRxAo+KjHtYSW8NvCsNSAg=="
        }
      }
    }
  }
}
